
Microsoft Visual Studio Solution File, Format Version 12.00
# Visual Studio Version 17
VisualStudioVersion = 17.4.33213.308
MinimumVisualStudioVersion = 10.0.40219.1
Project("{FAE04EC0-301F-11D3-BF4B-00C04F79EFBC}") = "vista", "Vista\vista.csproj", "{ADB07DBA-4592-4C22-B528-8FE3668C7601}"
EndProject
Project("{FAE04EC0-301F-11D3-BF4B-00C04F79EFBC}") = "dominio", "dominio\dominio.csproj", "{3E2F16D7-02C4-4A04-AF8F-CD814F418228}"
EndProject
Project("{FAE04EC0-301F-11D3-BF4B-00C04F79EFBC}") = "negocio", "negocio\negocio.csproj", "{63F8EF4F-2D76-4BD3-A90F-AD0733967390}"
EndProject
Global
	GlobalSection(SolutionConfigurationPlatforms) = preSolution
		Debug|Any CPU = Debug|Any CPU
		Release|Any CPU = Release|Any CPU
	EndGlobalSection
	GlobalSection(ProjectConfigurationPlatforms) = postSolution
		{ADB07DBA-4592-4C22-B528-8FE3668C7601}.Debug|Any CPU.ActiveCfg = Debug|Any CPU
		{ADB07DBA-4592-4C22-B528-8FE3668C7601}.Debug|Any CPU.Build.0 = Debug|Any CPU
		{ADB07DBA-4592-4C22-B528-8FE3668C7601}.Release|Any CPU.ActiveCfg = Release|Any CPU
		{ADB07DBA-4592-4C22-B528-8FE3668C7601}.Release|Any CPU.Build.0 = Release|Any CPU
		{3E2F16D7-02C4-4A04-AF8F-CD814F418228}.Debug|Any CPU.ActiveCfg = Debug|Any CPU
		{3E2F16D7-02C4-4A04-AF8F-CD814F418228}.Debug|Any CPU.Build.0 = Debug|Any CPU
		{3E2F16D7-02C4-4A04-AF8F-CD814F418228}.Release|Any CPU.ActiveCfg = Release|Any CPU
		{3E2F16D7-02C4-4A04-AF8F-CD814F418228}.Release|Any CPU.Build.0 = Release|Any CPU
		{63F8EF4F-2D76-4BD3-A90F-AD0733967390}.Debug|Any CPU.ActiveCfg = Debug|Any CPU
		{63F8EF4F-2D76-4BD3-A90F-AD0733967390}.Debug|Any CPU.Build.0 = Debug|Any CPU
		{63F8EF4F-2D76-4BD3-A90F-AD0733967390}.Release|Any CPU.ActiveCfg = Release|Any CPU
		{63F8EF4F-2D76-4BD3-A90F-AD0733967390}.Release|Any CPU.Build.0 = Release|Any CPU
	EndGlobalSection
	GlobalSection(SolutionProperties) = preSolution
		HideSolutionNode = FALSE
	EndGlobalSection
	GlobalSection(ExtensibilityGlobals) = postSolution
		SolutionGuid = {11855898-EAC9-482F-A770-E77A8A7E8AA4}
	EndGlobalSection
EndGlobal
